
Microsoft Visual Studio Solution File, Format Version 12.00
# Visual Studio Version 17
VisualStudioVersion = 17.13.35919.96 d17.13
MinimumVisualStudioVersion = 10.0.40219.1
Project("{FAE04EC0-301F-11D3-BF4B-00C04F79EFBC}") = "Travelize_CodeTest", "Travelize_CodeTest\Travelize_CodeTest.csproj", "{402E4AF0-DC1E-4468-8AA8-BD8B61A7B05F}"
EndProject
Global
	GlobalSection(SolutionConfigurationPlatforms) = preSolution
		Debug|Any CPU = Debug|Any CPU
		Release|Any CPU = Release|Any CPU
	EndGlobalSection
	GlobalSection(ProjectConfigurationPlatforms) = postSolution
		{402E4AF0-DC1E-4468-8AA8-BD8B61A7B05F}.Debug|Any CPU.ActiveCfg = Debug|Any CPU
		{402E4AF0-DC1E-4468-8AA8-BD8B61A7B05F}.Debug|Any CPU.Build.0 = Debug|Any CPU
		{402E4AF0-DC1E-4468-8AA8-BD8B61A7B05F}.Release|Any CPU.ActiveCfg = Release|Any CPU
		{402E4AF0-DC1E-4468-8AA8-BD8B61A7B05F}.Release|Any CPU.Build.0 = Release|Any CPU
	EndGlobalSection
	GlobalSection(SolutionProperties) = preSolution
		HideSolutionNode = FALSE
	EndGlobalSection
	GlobalSection(ExtensibilityGlobals) = postSolution
		SolutionGuid = {FD8989EA-8CFD-4AE6-B545-D8ABDA7EBA06}
	EndGlobalSection
EndGlobal
